PODS:
  - QuickIosComponent (0.1.0):
    - ReSwift
    - ReSwiftConsumer
    - RxCocoa (~> 4.0)
    - RxSwift (~> 4.0)
  - ReSwift (4.0.1)
  - ReSwiftConsumer (0.3.0):
    - ReSwift
  - RxAtomic (4.4.0)
  - RxCocoa (4.4.0):
    - RxSwift (~> 4.0)
  - RxSwift (4.4.0):
    - RxAtomic (~> 4.4)

DEPENDENCIES:
  - QuickIosComponent (from `../`)

SPEC REPOS:
  https://github.com/cocoapods/specs.git:
    - ReSwift
    - ReSwiftConsumer
    - RxAtomic
    - RxCocoa
    - RxSwift

EXTERNAL SOURCES:
  QuickIosComponent:
    :path: "../"

SPEC CHECKSUMS:
  QuickIosComponent: 4f6a7db96dc756fb1847750eebe289ce31aa1ee9
  ReSwift: f4012c613e13da7398827fe5aebdb938eaed40a3
  ReSwiftConsumer: 86acac9e256938ca065f6069f893c247f950f88e
  RxAtomic: eacf60db868c96bfd63320e28619fe29c179656f
  RxCocoa: df63ebf7b9a70d6b4eeea407ed5dd4efc8979749
  RxSwift: 5976ecd04fc2fefd648827c23de5e11157faa973

PODFILE CHECKSUM: 16cfb5bdc74086cc1c2c9e2753f6c1d7b74246c3

COCOAPODS: 1.5.3
