PODS:
  - QuickIosComponent (0.1.0):
    - ReSwift
    - ReSwiftConsumer
    - RxCocoa (~> 4.0)
    - RxSwift (~> 4.0)
  - ReSwift (4.0.1)
  - ReSwiftConsumer (0.3.1):
    - ReSwift
  - RxAtomic (4.4.0)
  - RxCocoa (4.4.0):
    - RxSwift (~> 4.0)
  - RxSwift (4.4.0):
    - RxAtomic (~> 4.4)

DEPENDENCIES:
  - QuickIosComponent (from `../`)

SPEC REPOS:
  https://github.com/cocoapods/specs.git:
    - ReSwift
    - ReSwiftConsumer
    - RxAtomic
    - RxCocoa
    - RxSwift

EXTERNAL SOURCES:
  QuickIosComponent:
    :path: "../"

SPEC CHECKSUMS:
  QuickIosComponent: 9566df6e2ece4d060125e0fee9fd8aebbd6b5d95
  ReSwift: f4012c613e13da7398827fe5aebdb938eaed40a3
  ReSwiftConsumer: e4800ee6fa9096c3b17eaa4cb12f78fe0726c8c5
  RxAtomic: eacf60db868c96bfd63320e28619fe29c179656f
  RxCocoa: df63ebf7b9a70d6b4eeea407ed5dd4efc8979749
  RxSwift: 5976ecd04fc2fefd648827c23de5e11157faa973

PODFILE CHECKSUM: 05a0ba4a4ab8560bd29ba499101d365c4f7963f1

COCOAPODS: 1.5.3
